{
  "name": "unitsnap_tools",
  "version": "1.0.0",
  "lockfileVersion": 1,
  "requires": true,
  "dependencies": {
    "unitsnap.js": {
      "version": "git+https://github.com/akaterra/unitsnap.js.git#e4620c1af1e91ae8fb4d696ff65c1c4bf4e3878c",
      "from": "git+https://github.com/akaterra/unitsnap.js.git",
      "dev": true
    }
  }
}
